
Microsoft Visual Studio Solution File, Format Version 12.00
# 
Project("{FAE04EC0-301F-11D3-BF4B-00C04F79EFBC}") = "Sandy.Graphics", "src\Sandy.Graphics\Sandy.Graphics.csproj", "{4245E1B4-B285-4160-B975-13F64F0C95D1}"
EndProject
Project("{2150E333-8FDC-42A3-9474-1A3956D46DE8}") = "Pie", "Pie", "{DD1CDEEC-5FCF-4580-9E2C-52CCBAB3E61C}"
EndProject
Project("{2150E333-8FDC-42A3-9474-1A3956D46DE8}") = "src", "src", "{6630BF32-E4B5-4FA9-8D2D-FA9EE97F195E}"
EndProject
Project("{FAE04EC0-301F-11D3-BF4B-00C04F79EFBC}") = "Pie", "Pie\src\Pie\Pie.csproj", "{CF6AF458-1A4F-4414-82EA-0FDD0C4C2583}"
EndProject
Project("{FAE04EC0-301F-11D3-BF4B-00C04F79EFBC}") = "Pie.Windowing", "Pie\src\Pie.Windowing\Pie.Windowing.csproj", "{C1C7EDE7-DE40-4C48-90AD-A68B70E26C11}"
EndProject
Project("{FAE04EC0-301F-11D3-BF4B-00C04F79EFBC}") = "Sandy.Math", "src\Sandy.Math\Sandy.Math.csproj", "{D0885C12-BC05-4C0C-B026-59C8DF19A626}"
EndProject
Project("{FAE04EC0-301F-11D3-BF4B-00C04F79EFBC}") = "Sandy.Framework", "src\Sandy.Framework\Sandy.Framework.csproj", "{80B14A85-59FC-48C8-BFD6-9F244CA8689C}"
EndProject
Project("{2150E333-8FDC-42A3-9474-1A3956D46DE8}") = "examples", "examples", "{17B096B2-4C56-44C2-A0F1-AFB056171054}"
EndProject
Project("{FAE04EC0-301F-11D3-BF4B-00C04F79EFBC}") = "BasicSprite", "examples\BasicSprite\BasicSprite.csproj", "{6896121E-0B9F-4ACE-898C-D4EC8BE9E1F6}"
EndProject
Project("{FAE04EC0-301F-11D3-BF4B-00C04F79EFBC}") = "BasicCube", "examples\BasicCube\BasicCube.csproj", "{7B6E16E0-3D03-4789-9FF3-42CB49CC42E7}"
EndProject
Global
	GlobalSection(SolutionConfigurationPlatforms) = preSolution
		Debug|Any CPU = Debug|Any CPU
		Release|Any CPU = Release|Any CPU
	EndGlobalSection
	GlobalSection(ProjectConfigurationPlatforms) = postSolution
		{4245E1B4-B285-4160-B975-13F64F0C95D1}.Debug|Any CPU.ActiveCfg = Debug|Any CPU
		{4245E1B4-B285-4160-B975-13F64F0C95D1}.Debug|Any CPU.Build.0 = Debug|Any CPU
		{4245E1B4-B285-4160-B975-13F64F0C95D1}.Release|Any CPU.ActiveCfg = Release|Any CPU
		{4245E1B4-B285-4160-B975-13F64F0C95D1}.Release|Any CPU.Build.0 = Release|Any CPU
		{CF6AF458-1A4F-4414-82EA-0FDD0C4C2583}.Debug|Any CPU.ActiveCfg = Debug|Any CPU
		{CF6AF458-1A4F-4414-82EA-0FDD0C4C2583}.Debug|Any CPU.Build.0 = Debug|Any CPU
		{CF6AF458-1A4F-4414-82EA-0FDD0C4C2583}.Release|Any CPU.ActiveCfg = Release|Any CPU
		{CF6AF458-1A4F-4414-82EA-0FDD0C4C2583}.Release|Any CPU.Build.0 = Release|Any CPU
		{C1C7EDE7-DE40-4C48-90AD-A68B70E26C11}.Debug|Any CPU.ActiveCfg = Debug|Any CPU
		{C1C7EDE7-DE40-4C48-90AD-A68B70E26C11}.Debug|Any CPU.Build.0 = Debug|Any CPU
		{C1C7EDE7-DE40-4C48-90AD-A68B70E26C11}.Release|Any CPU.ActiveCfg = Release|Any CPU
		{C1C7EDE7-DE40-4C48-90AD-A68B70E26C11}.Release|Any CPU.Build.0 = Release|Any CPU
		{D0885C12-BC05-4C0C-B026-59C8DF19A626}.Debug|Any CPU.ActiveCfg = Debug|Any CPU
		{D0885C12-BC05-4C0C-B026-59C8DF19A626}.Debug|Any CPU.Build.0 = Debug|Any CPU
		{D0885C12-BC05-4C0C-B026-59C8DF19A626}.Release|Any CPU.ActiveCfg = Release|Any CPU
		{D0885C12-BC05-4C0C-B026-59C8DF19A626}.Release|Any CPU.Build.0 = Release|Any CPU
		{80B14A85-59FC-48C8-BFD6-9F244CA8689C}.Debug|Any CPU.ActiveCfg = Debug|Any CPU
		{80B14A85-59FC-48C8-BFD6-9F244CA8689C}.Debug|Any CPU.Build.0 = Debug|Any CPU
		{80B14A85-59FC-48C8-BFD6-9F244CA8689C}.Release|Any CPU.ActiveCfg = Release|Any CPU
		{80B14A85-59FC-48C8-BFD6-9F244CA8689C}.Release|Any CPU.Build.0 = Release|Any CPU
		{6896121E-0B9F-4ACE-898C-D4EC8BE9E1F6}.Debug|Any CPU.ActiveCfg = Debug|Any CPU
		{6896121E-0B9F-4ACE-898C-D4EC8BE9E1F6}.Debug|Any CPU.Build.0 = Debug|Any CPU
		{6896121E-0B9F-4ACE-898C-D4EC8BE9E1F6}.Release|Any CPU.ActiveCfg = Release|Any CPU
		{6896121E-0B9F-4ACE-898C-D4EC8BE9E1F6}.Release|Any CPU.Build.0 = Release|Any CPU
		{7B6E16E0-3D03-4789-9FF3-42CB49CC42E7}.Debug|Any CPU.ActiveCfg = Debug|Any CPU
		{7B6E16E0-3D03-4789-9FF3-42CB49CC42E7}.Debug|Any CPU.Build.0 = Debug|Any CPU
		{7B6E16E0-3D03-4789-9FF3-42CB49CC42E7}.Release|Any CPU.ActiveCfg = Release|Any CPU
		{7B6E16E0-3D03-4789-9FF3-42CB49CC42E7}.Release|Any CPU.Build.0 = Release|Any CPU
	EndGlobalSection
	GlobalSection(NestedProjects) = preSolution
		{6630BF32-E4B5-4FA9-8D2D-FA9EE97F195E} = {DD1CDEEC-5FCF-4580-9E2C-52CCBAB3E61C}
		{CF6AF458-1A4F-4414-82EA-0FDD0C4C2583} = {6630BF32-E4B5-4FA9-8D2D-FA9EE97F195E}
		{C1C7EDE7-DE40-4C48-90AD-A68B70E26C11} = {6630BF32-E4B5-4FA9-8D2D-FA9EE97F195E}
		{6896121E-0B9F-4ACE-898C-D4EC8BE9E1F6} = {17B096B2-4C56-44C2-A0F1-AFB056171054}
		{7B6E16E0-3D03-4789-9FF3-42CB49CC42E7} = {17B096B2-4C56-44C2-A0F1-AFB056171054}
	EndGlobalSection
EndGlobal
